
Microsoft Visual Studio Solution File, Format Version 12.00
# Visual Studio Version 16
VisualStudioVersion = 16.0.29911.84
MinimumVisualStudioVersion = 10.0.40219.1
Project("{FAE04EC0-301F-11D3-BF4B-00C04F79EFBC}") = "PseudoOrk", "PseudoOrk\PseudoOrk.csproj", "{0123C4C6-ED43-41F1-8C99-47917858BB6F}"
EndProject
Global
	GlobalSection(SolutionConfigurationPlatforms) = preSolution
		Debug|Any CPU = Debug|Any CPU
		Release|Any CPU = Release|Any CPU
	EndGlobalSection
	GlobalSection(ProjectConfigurationPlatforms) = postSolution
		{0123C4C6-ED43-41F1-8C99-47917858BB6F}.Debug|Any CPU.ActiveCfg = Debug|Any CPU
		{0123C4C6-ED43-41F1-8C99-47917858BB6F}.Debug|Any CPU.Build.0 = Debug|Any CPU
		{0123C4C6-ED43-41F1-8C99-47917858BB6F}.Release|Any CPU.ActiveCfg = Release|Any CPU
		{0123C4C6-ED43-41F1-8C99-47917858BB6F}.Release|Any CPU.Build.0 = Release|Any CPU
	EndGlobalSection
	GlobalSection(SolutionProperties) = preSolution
		HideSolutionNode = FALSE
	EndGlobalSection
	GlobalSection(ExtensibilityGlobals) = postSolution
		SolutionGuid = {9A3CA531-62DD-4418-BC5A-4300DE6B0267}
	EndGlobalSection
EndGlobal
